{
  "name": "machine",
  "lockfileVersion": 3,
  "requires": true,
  "packages": {
    "": {
      "dependencies": {
        "@aws-sdk/s3-request-presigner": "^3.693.0"
      }
    },
    "node_modules/@aws-sdk/core": {
      "version": "3.693.0",
      "resolved": "https://registry.npmjs.org/@aws-sdk/core/-/core-3.693.0.tgz",
      "integrity": "sha512-v6Z/kWmLFqRLDPEwl9hJGhtTgIFHjZugSfF1Yqffdxf4n1AWgtHS7qSegakuMyN5pP4K2tvUD8qHJ+gGe2Bw2A==",
      "dependencies": {
        "@aws-sdk/types": "3.692.0",
        "@smithy/core": "^2.5.2",
        "@smithy/node-config-provider": "^3.1.10",
        "@smithy/property-provider": "^3.1.9",
        "@smithy/protocol-http": "^4.1.6",
        "@smithy/signature-v4": "^4.2.2",
        "@smithy/smithy-client": "^3.4.3",
        "@smithy/types": "^3.7.0",
        "@smithy/util-middleware": "^3.0.9",
        "fast-xml-parser": "4.4.1",
        "tslib": "^2.6.2"
      },
      "engines": {
        "node": ">=16.0.0"
      }
    },
    "node_modules/@aws-sdk/middleware-sdk-s3": {
      "version": "3.693.0",
      "resolved": "https://registry.npmjs.org/@aws-sdk/middleware-sdk-s3/-/middleware-sdk-s3-3.693.0.tgz",
      "integrity": "sha512-5A++RBjJ3guyq5pbYs+Oq5hMlA8CK2OWaHx09cxVfhHWl/RoaY8DXrft4gnhoUEBrrubyMw7r9j7RIMLvS58kg==",
      "dependencies": {
        "@aws-sdk/core": "3.693.0",
        "@aws-sdk/types": "3.692.0",
        "@aws-sdk/util-arn-parser": "3.693.0",
        "@smithy/core": "^2.5.2",
        "@smithy/node-config-provider": "^3.1.10",
        "@smithy/protocol-http": "^4.1.6",
        "@smithy/signature-v4": "^4.2.2",
        "@smithy/smithy-client": "^3.4.3",
        "@smithy/types": "^3.7.0",
        "@smithy/util-config-provider": "^3.0.0",
        "@smithy/util-middleware": "^3.0.9",
        "@smithy/util-stream": "^3.3.0",
        "@smithy/util-utf8": "^3.0.0",
        "tslib": "^2.6.2"
      },
      "engines": {
        "node": ">=16.0.0"
      }
    },
    "node_modules/@aws-sdk/s3-request-presigner": {
      "version": "3.693.0",
      "resolved": "https://registry.npmjs.org/@aws-sdk/s3-request-presigner/-/s3-request-presigner-3.693.0.tgz",
      "integrity": "sha512-I/TCM43kZn1xb+EWMAjkcisDVrq3mYsu0ZFP81J9K/PM6n3s9bK04jaY56c3pCl6btigIOHhreutYSRRBJsCDw==",
      "dependencies": {
        "@aws-sdk/signature-v4-multi-region": "3.693.0",
        "@aws-sdk/types": "3.692.0",
        "@aws-sdk/util-format-url": "3.693.0",
        "@smithy/middleware-endpoint": "^3.2.2",
        "@smithy/protocol-http": "^4.1.6",
        "@smithy/smithy-client": "^3.4.3",
        "@smithy/types": "^3.7.0",
        "tslib": "^2.6.2"
      },
      "engines": {
        "node": ">=16.0.0"
      }
    },
    "node_modules/@aws-sdk/signature-v4-multi-region": {
      "version": "3.693.0",
      "resolved": "https://registry.npmjs.org/@aws-sdk/signature-v4-multi-region/-/signature-v4-multi-region-3.693.0.tgz",
      "integrity": "sha512-s7zbbsoVIriTR4ZGaateKuTqz6ddpazAyHvjk7I9kd+NvGNPiuAI18UdbuiiRI6K5HuYKf1ah6mKWFGPG15/kQ==",
      "dependencies": {
        "@aws-sdk/middleware-sdk-s3": "3.693.0",
        "@aws-sdk/types": "3.692.0",
        "@smithy/protocol-http": "^4.1.6",
        "@smithy/signature-v4": "^4.2.2",
        "@smithy/types": "^3.7.0",
        "tslib": "^2.6.2"
      },
      "engines": {
        "node": ">=16.0.0"
      }
    },
    "node_modules/@aws-sdk/types": {
      "version": "3.692.0",
      "resolved": "https://registry.npmjs.org/@aws-sdk/types/-/types-3.692.0.tgz",
      "integrity": "sha512-RpNvzD7zMEhiKgmlxGzyXaEcg2khvM7wd5sSHVapOcrde1awQSOMGI4zKBQ+wy5TnDfrm170ROz/ERLYtrjPZA==",
      "dependencies": {
        "@smithy/types": "^3.7.0",
        "tslib": "^2.6.2"
      },
      "engines": {
        "node": ">=16.0.0"
      }
    },
    "node_modules/@aws-sdk/util-arn-parser": {
      "version": "3.693.0",
      "resolved": "https://registry.npmjs.org/@aws-sdk/util-arn-parser/-/util-arn-parser-3.693.0.tgz",
      "integrity": "sha512-WC8x6ca+NRrtpAH64rWu+ryDZI3HuLwlEr8EU6/dbC/pt+r/zC0PBoC15VEygUaBA+isppCikQpGyEDu0Yj7gQ==",
      "dependencies": {
        "tslib": "^2.6.2"
      },
      "engines": {
        "node": ">=16.0.0"
      }
    },
    "node_modules/@aws-sdk/util-format-url": {
      "version": "3.693.0",
      "resolved": "https://registry.npmjs.org/@aws-sdk/util-format-url/-/util-format-url-3.693.0.tgz",
      "integrity": "sha512-0O4fSq45GOwC89Os0f92z9kK1AV22+W980O+v+GkMLUkRG7/nsIJkq1LKiIPV+sbC+KC/HmW4yThxFzHO7GDxA==",
      "dependencies": {
        "@aws-sdk/types": "3.692.0",
        "@smithy/querystring-builder": "^3.0.9",
        "@smithy/types": "^3.7.0",
        "tslib": "^2.6.2"
      },
      "engines": {
        "node": ">=16.0.0"
      }
    },
    "node_modules/@smithy/abort-controller": {
      "version": "3.1.8",
      "resolved": "https://registry.npmjs.org/@smithy/abort-controller/-/abort-controller-3.1.8.tgz",
      "integrity": "sha512-+3DOBcUn5/rVjlxGvUPKc416SExarAQ+Qe0bqk30YSUjbepwpS7QN0cyKUSifvLJhdMZ0WPzPP5ymut0oonrpQ==",
      "dependencies": {
        "@smithy/types": "^3.7.1",
        "tslib": "^2.6.2"
      },
      "engines": {
        "node": ">=16.0.0"
      }
    },
    "node_modules/@smithy/core": {
      "version": "2.5.3",
      "resolved": "https://registry.npmjs.org/@smithy/core/-/core-2.5.3.tgz",
      "integrity": "sha512-96uW8maifUSmehaeW7uydWn7wBc98NEeNI3zN8vqakGpyCQgzyJaA64Z4FCOUmAdCJkhppd/7SZ798Fo4Xx37g==",
      "dependencies": {
        "@smithy/middleware-serde": "^3.0.10",
        "@smithy/protocol-http": "^4.1.7",
        "@smithy/types": "^3.7.1",
        "@smithy/util-body-length-browser": "^3.0.0",
        "@smithy/util-middleware": "^3.0.10",
        "@smithy/util-stream": "^3.3.1",
        "@smithy/util-utf8": "^3.0.0",
        "tslib": "^2.6.2"
      },
      "engines": {
        "node": ">=16.0.0"
      }
    },
    "node_modules/@smithy/fetch-http-handler": {
      "version": "4.1.1",
      "resolved": "https://registry.npmjs.org/@smithy/fetch-http-handler/-/fetch-http-handler-4.1.1.tgz",
      "integrity": "sha512-bH7QW0+JdX0bPBadXt8GwMof/jz0H28I84hU1Uet9ISpzUqXqRQ3fEZJ+ANPOhzSEczYvANNl3uDQDYArSFDtA==",
      "dependencies": {
        "@smithy/protocol-http": "^4.1.7",
        "@smithy/querystring-builder": "^3.0.10",
        "@smithy/types": "^3.7.1",
        "@smithy/util-base64": "^3.0.0",
        "tslib": "^2.6.2"
      }
    },
    "node_modules/@smithy/is-array-buffer": {
      "version": "3.0.0",
      "resolved": "https://registry.npmjs.org/@smithy/is-array-buffer/-/is-array-buffer-3.0.0.tgz",
      "integrity": "sha512-+Fsu6Q6C4RSJiy81Y8eApjEB5gVtM+oFKTffg+jSuwtvomJJrhUJBu2zS8wjXSgH/g1MKEWrzyChTBe6clb5FQ==",
      "dependencies": {
        "tslib": "^2.6.2"
      },
      "engines": {
        "node": ">=16.0.0"
      }
    },
    "node_modules/@smithy/middleware-endpoint": {
      "version": "3.2.3",
      "resolved": "https://registry.npmjs.org/@smithy/middleware-endpoint/-/middleware-endpoint-3.2.3.tgz",
      "integrity": "sha512-Hdl9296i/EMptaX7agrSzJZDiz5Y8XPUeBbctTmMtnCguGpqfU3jVsTUan0VLaOhsnquqWLL8Bl5HrlbVGT1og==",
      "dependencies": {
        "@smithy/core": "^2.5.3",
        "@smithy/middleware-serde": "^3.0.10",
        "@smithy/node-config-provider": "^3.1.11",
        "@smithy/shared-ini-file-loader": "^3.1.11",
        "@smithy/types": "^3.7.1",
        "@smithy/url-parser": "^3.0.10",
        "@smithy/util-middleware": "^3.0.10",
        "tslib": "^2.6.2"
      },
      "engines": {
        "node": ">=16.0.0"
      }
    },
    "node_modules/@smithy/middleware-serde": {
      "version": "3.0.10",
      "resolved": "https://registry.npmjs.org/@smithy/middleware-serde/-/middleware-serde-3.0.10.tgz",
      "integrity": "sha512-MnAuhh+dD14F428ubSJuRnmRsfOpxSzvRhaGVTvd/lrUDE3kxzCCmH8lnVTvoNQnV2BbJ4c15QwZ3UdQBtFNZA==",
      "dependencies": {
        "@smithy/types": "^3.7.1",
        "tslib": "^2.6.2"
      },
      "engines": {
        "node": ">=16.0.0"
      }
    },
    "node_modules/@smithy/middleware-stack": {
      "version": "3.0.10",
      "resolved": "https://registry.npmjs.org/@smithy/middleware-stack/-/middleware-stack-3.0.10.tgz",
      "integrity": "sha512-grCHyoiARDBBGPyw2BeicpjgpsDFWZZxptbVKb3CRd/ZA15F/T6rZjCCuBUjJwdck1nwUuIxYtsS4H9DDpbP5w==",
      "dependencies": {
        "@smithy/types": "^3.7.1",
        "tslib": "^2.6.2"
      },
      "engines": {
        "node": ">=16.0.0"
      }
    },
    "node_modules/@smithy/node-config-provider": {
      "version": "3.1.11",
      "resolved": "https://registry.npmjs.org/@smithy/node-config-provider/-/node-config-provider-3.1.11.tgz",
      "integrity": "sha512-URq3gT3RpDikh/8MBJUB+QGZzfS7Bm6TQTqoh4CqE8NBuyPkWa5eUXj0XFcFfeZVgg3WMh1u19iaXn8FvvXxZw==",
      "dependencies": {
        "@smithy/property-provider": "^3.1.10",
        "@smithy/shared-ini-file-loader": "^3.1.11",
        "@smithy/types": "^3.7.1",
        "tslib": "^2.6.2"
      },
      "engines": {
        "node": ">=16.0.0"
      }
    },
    "node_modules/@smithy/node-http-handler": {
      "version": "3.3.1",
      "resolved": "https://registry.npmjs.org/@smithy/node-http-handler/-/node-http-handler-3.3.1.tgz",
      "integrity": "sha512-fr+UAOMGWh6bn4YSEezBCpJn9Ukp9oR4D32sCjCo7U81evE11YePOQ58ogzyfgmjIO79YeOdfXXqr0jyhPQeMg==",
      "dependencies": {
        "@smithy/abort-controller": "^3.1.8",
        "@smithy/protocol-http": "^4.1.7",
        "@smithy/querystring-builder": "^3.0.10",
        "@smithy/types": "^3.7.1",
        "tslib": "^2.6.2"
      },
      "engines": {
        "node": ">=16.0.0"
      }
    },
    "node_modules/@smithy/property-provider": {
      "version": "3.1.10",
      "resolved": "https://registry.npmjs.org/@smithy/property-provider/-/property-provider-3.1.10.tgz",
      "integrity": "sha512-n1MJZGTorTH2DvyTVj+3wXnd4CzjJxyXeOgnTlgNVFxaaMeT4OteEp4QrzF8p9ee2yg42nvyVK6R/awLCakjeQ==",
      "dependencies": {
        "@smithy/types": "^3.7.1",
        "tslib": "^2.6.2"
      },
      "engines": {
        "node": ">=16.0.0"
      }
    },
    "node_modules/@smithy/protocol-http": {
      "version": "4.1.7",
      "resolved": "https://registry.npmjs.org/@smithy/protocol-http/-/protocol-http-4.1.7.tgz",
      "integrity": "sha512-FP2LepWD0eJeOTm0SjssPcgqAlDFzOmRXqXmGhfIM52G7Lrox/pcpQf6RP4F21k0+O12zaqQt5fCDOeBtqY6Cg==",
      "dependencies": {
        "@smithy/types": "^3.7.1",
        "tslib": "^2.6.2"
      },
      "engines": {
        "node": ">=16.0.0"
      }
    },
    "node_modules/@smithy/querystring-builder": {
      "version": "3.0.10",
      "resolved": "https://registry.npmjs.org/@smithy/querystring-builder/-/querystring-builder-3.0.10.tgz",
      "integrity": "sha512-nT9CQF3EIJtIUepXQuBFb8dxJi3WVZS3XfuDksxSCSn+/CzZowRLdhDn+2acbBv8R6eaJqPupoI/aRFIImNVPQ==",
      "dependencies": {
        "@smithy/types": "^3.7.1",
        "@smithy/util-uri-escape": "^3.0.0",
        "tslib": "^2.6.2"
      },
      "engines": {
        "node": ">=16.0.0"
      }
    },
    "node_modules/@smithy/querystring-parser": {
      "version": "3.0.10",
      "resolved": "https://registry.npmjs.org/@smithy/querystring-parser/-/querystring-parser-3.0.10.tgz",
      "integrity": "sha512-Oa0XDcpo9SmjhiDD9ua2UyM3uU01ZTuIrNdZvzwUTykW1PM8o2yJvMh1Do1rY5sUQg4NDV70dMi0JhDx4GyxuQ==",
      "dependencies": {
        "@smithy/types": "^3.7.1",
        "tslib": "^2.6.2"
      },
      "engines": {
        "node": ">=16.0.0"
      }
    },
    "node_modules/@smithy/shared-ini-file-loader": {
      "version": "3.1.11",
      "resolved": "https://registry.npmjs.org/@smithy/shared-ini-file-loader/-/shared-ini-file-loader-3.1.11.tgz",
      "integrity": "sha512-AUdrIZHFtUgmfSN4Gq9nHu3IkHMa1YDcN+s061Nfm+6pQ0mJy85YQDB0tZBCmls0Vuj22pLwDPmL92+Hvfwwlg==",
      "dependencies": {
        "@smithy/types": "^3.7.1",
        "tslib": "^2.6.2"
      },
      "engines": {
        "node": ">=16.0.0"
      }
    },
    "node_modules/@smithy/signature-v4": {
      "version": "4.2.3",
      "resolved": "https://registry.npmjs.org/@smithy/signature-v4/-/signature-v4-4.2.3.tgz",
      "integrity": "sha512-pPSQQ2v2vu9vc8iew7sszLd0O09I5TRc5zhY71KA+Ao0xYazIG+uLeHbTJfIWGO3BGVLiXjUr3EEeCcEQLjpWQ==",
      "dependencies": {
        "@smithy/is-array-buffer": "^3.0.0",
        "@smithy/protocol-http": "^4.1.7",
        "@smithy/types": "^3.7.1",
        "@smithy/util-hex-encoding": "^3.0.0",
        "@smithy/util-middleware": "^3.0.10",
        "@smithy/util-uri-escape": "^3.0.0",
        "@smithy/util-utf8": "^3.0.0",
        "tslib": "^2.6.2"
      },
      "engines": {
        "node": ">=16.0.0"
      }
    },
    "node_modules/@smithy/smithy-client": {
      "version": "3.4.4",
      "resolved": "https://registry.npmjs.org/@smithy/smithy-client/-/smithy-client-3.4.4.tgz",
      "integrity": "sha512-dPGoJuSZqvirBq+yROapBcHHvFjChoAQT8YPWJ820aPHHiowBlB3RL1Q4kPT1hx0qKgJuf+HhyzKi5Gbof4fNA==",
      "dependencies": {
        "@smithy/core": "^2.5.3",
        "@smithy/middleware-endpoint": "^3.2.3",
        "@smithy/middleware-stack": "^3.0.10",
        "@smithy/protocol-http": "^4.1.7",
        "@smithy/types": "^3.7.1",
        "@smithy/util-stream": "^3.3.1",
        "tslib": "^2.6.2"
      },
      "engines": {
        "node": ">=16.0.0"
      }
    },
    "node_modules/@smithy/types": {
      "version": "3.7.1",
      "resolved": "https://registry.npmjs.org/@smithy/types/-/types-3.7.1.tgz",
      "integrity": "sha512-XKLcLXZY7sUQgvvWyeaL/qwNPp6V3dWcUjqrQKjSb+tzYiCy340R/c64LV5j+Tnb2GhmunEX0eou+L+m2hJNYA==",
      "dependencies": {
        "tslib": "^2.6.2"
      },
      "engines": {
        "node": ">=16.0.0"
      }
    },
    "node_modules/@smithy/url-parser": {
      "version": "3.0.10",
      "resolved": "https://registry.npmjs.org/@smithy/url-parser/-/url-parser-3.0.10.tgz",
      "integrity": "sha512-j90NUalTSBR2NaZTuruEgavSdh8MLirf58LoGSk4AtQfyIymogIhgnGUU2Mga2bkMkpSoC9gxb74xBXL5afKAQ==",
      "dependencies": {
        "@smithy/querystring-parser": "^3.0.10",
        "@smithy/types": "^3.7.1",
        "tslib": "^2.6.2"
      }
    },
    "node_modules/@smithy/util-base64": {
      "version": "3.0.0",
      "resolved": "https://registry.npmjs.org/@smithy/util-base64/-/util-base64-3.0.0.tgz",
      "integrity": "sha512-Kxvoh5Qtt0CDsfajiZOCpJxgtPHXOKwmM+Zy4waD43UoEMA+qPxxa98aE/7ZhdnBFZFXMOiBR5xbcaMhLtznQQ==",
      "dependencies": {
        "@smithy/util-buffer-from": "^3.0.0",
        "@smithy/util-utf8": "^3.0.0",
        "tslib": "^2.6.2"
      },
      "engines": {
        "node": ">=16.0.0"
      }
    },
    "node_modules/@smithy/util-body-length-browser": {
      "version": "3.0.0",
      "resolved": "https://registry.npmjs.org/@smithy/util-body-length-browser/-/util-body-length-browser-3.0.0.tgz",
      "integrity": "sha512-cbjJs2A1mLYmqmyVl80uoLTJhAcfzMOyPgjwAYusWKMdLeNtzmMz9YxNl3/jRLoxSS3wkqkf0jwNdtXWtyEBaQ==",
      "dependencies": {
        "tslib": "^2.6.2"
      }
    },
    "node_modules/@smithy/util-buffer-from": {
      "version": "3.0.0",
      "resolved": "https://registry.npmjs.org/@smithy/util-buffer-from/-/util-buffer-from-3.0.0.tgz",
      "integrity": "sha512-aEOHCgq5RWFbP+UDPvPot26EJHjOC+bRgse5A8V3FSShqd5E5UN4qc7zkwsvJPPAVsf73QwYcHN1/gt/rtLwQA==",
      "dependencies": {
        "@smithy/is-array-buffer": "^3.0.0",
        "tslib": "^2.6.2"
      },
      "engines": {
        "node": ">=16.0.0"
      }
    },
    "node_modules/@smithy/util-config-provider": {
      "version": "3.0.0",
      "resolved": "https://registry.npmjs.org/@smithy/util-config-provider/-/util-config-provider-3.0.0.tgz",
      "integrity": "sha512-pbjk4s0fwq3Di/ANL+rCvJMKM5bzAQdE5S/6RL5NXgMExFAi6UgQMPOm5yPaIWPpr+EOXKXRonJ3FoxKf4mCJQ==",
      "dependencies": {
        "tslib": "^2.6.2"
      },
      "engines": {
        "node": ">=16.0.0"
      }
    },
    "node_modules/@smithy/util-hex-encoding": {
      "version": "3.0.0",
      "resolved": "https://registry.npmjs.org/@smithy/util-hex-encoding/-/util-hex-encoding-3.0.0.tgz",
      "integrity": "sha512-eFndh1WEK5YMUYvy3lPlVmYY/fZcQE1D8oSf41Id2vCeIkKJXPcYDCZD+4+xViI6b1XSd7tE+s5AmXzz5ilabQ==",
      "dependencies": {
        "tslib": "^2.6.2"
      },
      "engines": {
        "node": ">=16.0.0"
      }
    },
    "node_modules/@smithy/util-middleware": {
      "version": "3.0.10",
      "resolved": "https://registry.npmjs.org/@smithy/util-middleware/-/util-middleware-3.0.10.tgz",
      "integrity": "sha512-eJO+/+RsrG2RpmY68jZdwQtnfsxjmPxzMlQpnHKjFPwrYqvlcT+fHdT+ZVwcjlWSrByOhGr9Ff2GG17efc192A==",
      "dependencies": {
        "@smithy/types": "^3.7.1",
        "tslib": "^2.6.2"
      },
      "engines": {
        "node": ">=16.0.0"
      }
    },
    "node_modules/@smithy/util-stream": {
      "version": "3.3.1",
      "resolved": "https://registry.npmjs.org/@smithy/util-stream/-/util-stream-3.3.1.tgz",
      "integrity": "sha512-Ff68R5lJh2zj+AUTvbAU/4yx+6QPRzg7+pI7M1FbtQHcRIp7xvguxVsQBKyB3fwiOwhAKu0lnNyYBaQfSW6TNw==",
      "dependencies": {
        "@smithy/fetch-http-handler": "^4.1.1",
        "@smithy/node-http-handler": "^3.3.1",
        "@smithy/types": "^3.7.1",
        "@smithy/util-base64": "^3.0.0",
        "@smithy/util-buffer-from": "^3.0.0",
        "@smithy/util-hex-encoding": "^3.0.0",
        "@smithy/util-utf8": "^3.0.0",
        "tslib": "^2.6.2"
      },
      "engines": {
        "node": ">=16.0.0"
      }
    },
    "node_modules/@smithy/util-uri-escape": {
      "version": "3.0.0",
      "resolved": "https://registry.npmjs.org/@smithy/util-uri-escape/-/util-uri-escape-3.0.0.tgz",
      "integrity": "sha512-LqR7qYLgZTD7nWLBecUi4aqolw8Mhza9ArpNEQ881MJJIU2sE5iHCK6TdyqqzcDLy0OPe10IY4T8ctVdtynubg==",
      "dependencies": {
        "tslib": "^2.6.2"
      },
      "engines": {
        "node": ">=16.0.0"
      }
    },
    "node_modules/@smithy/util-utf8": {
      "version": "3.0.0",
      "resolved": "https://registry.npmjs.org/@smithy/util-utf8/-/util-utf8-3.0.0.tgz",
      "integrity": "sha512-rUeT12bxFnplYDe815GXbq/oixEGHfRFFtcTF3YdDi/JaENIM6aSYYLJydG83UNzLXeRI5K8abYd/8Sp/QM0kA==",
      "dependencies": {
        "@smithy/util-buffer-from": "^3.0.0",
        "tslib": "^2.6.2"
      },
      "engines": {
        "node": ">=16.0.0"
      }
    },
    "node_modules/fast-xml-parser": {
      "version": "4.4.1",
      "resolved": "https://registry.npmjs.org/fast-xml-parser/-/fast-xml-parser-4.4.1.tgz",
      "integrity": "sha512-xkjOecfnKGkSsOwtZ5Pz7Us/T6mrbPQrq0nh+aCO5V9nk5NLWmasAHumTKjiPJPWANe+kAZ84Jc8ooJkzZ88Sw==",
      "funding": [
        {
          "type": "github",
          "url": "https://github.com/sponsors/NaturalIntelligence"
        },
        {
          "type": "paypal",
          "url": "https://paypal.me/naturalintelligence"
        }
      ],
      "dependencies": {
        "strnum": "^1.0.5"
      },
      "bin": {
        "fxparser": "src/cli/cli.js"
      }
    },
    "node_modules/strnum": {
      "version": "1.0.5",
      "resolved": "https://registry.npmjs.org/strnum/-/strnum-1.0.5.tgz",
      "integrity": "sha512-J8bbNyKKXl5qYcR36TIO8W3mVGVHrmmxsd5PAItGkmyzwJvybiw2IVq5nqd0i4LSNSkB/sx9VHllbfFdr9k1JA=="
    },
    "node_modules/tslib": {
      "version": "2.8.1",
      "resolved": "https://registry.npmjs.org/tslib/-/tslib-2.8.1.tgz",
      "integrity": "sha512-oJFu94HQb+KVduSUQL7wnpmqnfmLsOA/nAh6b6EH0wCEoK0/mPeXU6c3wKDV83MkOuHPRHtSXKKU99IBazS/2w=="
    }
  }
}
